
Microsoft Visual Studio Solution File, Format Version 12.00
# Visual Studio Version 16
VisualStudioVersion = 16.0.30907.101
MinimumVisualStudioVersion = 10.0.40219.1
Project("{FAE04EC0-301F-11D3-BF4B-00C04F79EFBC}") = "Assignment10", "Assignment10.csproj", "{DA010110-D9ED-4296-8C77-A0D24B778B53}"
EndProject
Global
	GlobalSection(SolutionConfigurationPlatforms) = preSolution
		Debug|Any CPU = Debug|Any CPU
		Release|Any CPU = Release|Any CPU
	EndGlobalSection
	GlobalSection(ProjectConfigurationPlatforms) = postSolution
		{DA010110-D9ED-4296-8C77-A0D24B778B53}.Debug|Any CPU.ActiveCfg = Debug|Any CPU
		{DA010110-D9ED-4296-8C77-A0D24B778B53}.Debug|Any CPU.Build.0 = Debug|Any CPU
		{DA010110-D9ED-4296-8C77-A0D24B778B53}.Release|Any CPU.ActiveCfg = Release|Any CPU
		{DA010110-D9ED-4296-8C77-A0D24B778B53}.Release|Any CPU.Build.0 = Release|Any CPU
	EndGlobalSection
	GlobalSection(SolutionProperties) = preSolution
		HideSolutionNode = FALSE
	EndGlobalSection
	GlobalSection(ExtensibilityGlobals) = postSolution
		SolutionGuid = {534DB838-49F1-4EE0-96DD-03DA0AB51432}
	EndGlobalSection
EndGlobal
